
Microsoft Visual Studio Solution File, Format Version 12.00
# Visual Studio Version 16
VisualStudioVersion = 16.0.30803.129
MinimumVisualStudioVersion = 10.0.40219.1
Project("{9A19103F-16F7-4668-BE54-9A1E7A4F7556}") = "LibraryAccounting", "LibraryAccounting\LibraryAccounting.csproj", "{8079D8F7-6E92-4884-98FF-97E50FFA357C}"
EndProject
Project("{2150E333-8FDC-42A3-9474-1A3956D46DE8}") = "Domain", "Domain", "{3AF623BD-095A-4B1F-A542-47594A554715}"
EndProject
Project("{2150E333-8FDC-42A3-9474-1A3956D46DE8}") = "Infrastructure", "Infrastructure", "{80CD6BAF-2A6E-4A15-9D19-C89CC3A8B1B1}"
EndProject
Project("{2150E333-8FDC-42A3-9474-1A3956D46DE8}") = "Services", "Services", "{2F80554F-246D-4DDD-AF39-3D033405AF48}"
EndProject
Project("{2150E333-8FDC-42A3-9474-1A3956D46DE8}") = "Data", "Data", "{9E477758-1345-45EA-AFFA-0E5946A2E65C}"
EndProject
Project("{9A19103F-16F7-4668-BE54-9A1E7A4F7556}") = "LibraryAccounting.Domain.Interfaces", "Domain\LibraryAccounting.Domain.Interfaces\LibraryAccounting.Domain.Interfaces.csproj", "{77D109FA-7D26-4156-BA22-7D677DB59F8D}"
EndProject
Project("{9A19103F-16F7-4668-BE54-9A1E7A4F7556}") = "LibraryAccounting.Domain.Model", "Domain\LibraryAccounting.Domain.Model\LibraryAccounting.Domain.Model.csproj", "{4FF3B3FB-F8C0-4253-928A-7D32BEB16EDB}"
EndProject
Project("{9A19103F-16F7-4668-BE54-9A1E7A4F7556}") = "LibraryAccounting.Infrastructure.ObjectStructure", "Infrastructure\Data\LibraryAccounting.Infrastructure.ObjectStructure\LibraryAccounting.Infrastructure.ObjectStructure.csproj", "{8BC69206-5320-434C-BE66-B627A334B894}"
EndProject
Project("{9A19103F-16F7-4668-BE54-9A1E7A4F7556}") = "LibraryAccounting.Infrastructure.Validator", "Infrastructure\Data\LibraryAccounting.Infrastructure.Validator\LibraryAccounting.Infrastructure.Validator.csproj", "{FAEF689A-46A3-4F68-B7DE-610AF2B4A2E1}"
EndProject
Project("{9A19103F-16F7-4668-BE54-9A1E7A4F7556}") = "LibraryAccounting.Infrastructure.Repositories", "Infrastructure\Data\LibraryAccounting.Infrastructure.Repositories\LibraryAccounting.Infrastructure.Repositories.csproj", "{5CBE4E58-6F72-48F8-9885-E2B2C733A54C}"
EndProject
Project("{9A19103F-16F7-4668-BE54-9A1E7A4F7556}") = "LibraryAccounting.Infrastructure.UnitTests", "Infrastructure\LibraryAccounting.Infrastructure.UnitTests\LibraryAccounting.Infrastructure.UnitTests.csproj", "{0E56F217-CDCD-46D5-B851-201CDCF2A1C2}"
EndProject
Project("{9A19103F-16F7-4668-BE54-9A1E7A4F7556}") = "LibraryAccounting.Services.ToolInterfaces", "Services\LibraryAccounting.Services.ToolInterfaces.csproj", "{0A42CE8A-B7BD-4492-95C8-17AFAD704D81}"
EndProject
Project("{9A19103F-16F7-4668-BE54-9A1E7A4F7556}") = "LibraryAccounting.Infrastructure.Tools", "Infrastructure\LibraryAccounting.Infrastructure.Tools\LibraryAccounting.Infrastructure.Tools.csproj", "{D2B779D0-3B24-41AC-B072-F21DE7267DC4}"
EndProject
Project("{2150E333-8FDC-42A3-9474-1A3956D46DE8}") = "CQRSInfrastructure", "CQRSInfrastructure", "{8AE390A4-B698-4472-86F0-5A3671822E43}"
EndProject
Project("{9A19103F-16F7-4668-BE54-9A1E7A4F7556}") = "LibraryAccounting.CQRSInfrastructure.Methods", "LibraryAccounting.CQRSInfrastructure.Methods\LibraryAccounting.CQRSInfrastructure.Methods.csproj", "{00888634-17D7-43B0-B7A1-DAD46DD47F52}"
EndProject
Project("{9A19103F-16F7-4668-BE54-9A1E7A4F7556}") = "LibraryAccounting.CQRSInfrastructure.Mailing", "LibraryAccounting.CQRSInfrastructure.EmailManagement\LibraryAccounting.CQRSInfrastructure.Mailing.csproj", "{E0B63499-8B7E-4541-9B14-6C7F040AEE5D}"
EndProject
Project("{9A19103F-16F7-4668-BE54-9A1E7A4F7556}") = "LibraryAccounting.Services.Mailing", "LibraryAccounting.Services.Mailing\LibraryAccounting.Services.Mailing.csproj", "{1A38046B-37A9-4AF1-B814-F86DC886393A}"
EndProject
Project("{9A19103F-16F7-4668-BE54-9A1E7A4F7556}") = "LibraryAccounting.CQRSInfrastructure.LogOutput", "LibraryAccounting.CQRSInfrastructure.LogOutput\LibraryAccounting.CQRSInfrastructure.LogOutput.csproj", "{615CADAC-3941-4199-A168-C9420C7EEE8A}"
EndProject
Project("{9A19103F-16F7-4668-BE54-9A1E7A4F7556}") = "LibraryAccounting.Services.LogOutput", "LibraryAccounting.Services.LogOutput\LibraryAccounting.Services.LogOutput.csproj", "{23693BF7-552F-49B5-8DC0-D8D178232117}"
EndProject
Project("{9A19103F-16F7-4668-BE54-9A1E7A4F7556}") = "LibraryAccounting.CQRSInfrastructure.LibrarianReports", "LibraryAccounting.CQRSInfrastructure.LibrarianReports\LibraryAccounting.CQRSInfrastructure.LibrarianReports.csproj", "{C7FBA879-9DE6-4AA9-AEEA-A9E7707C629D}"
EndProject
Project("{9A19103F-16F7-4668-BE54-9A1E7A4F7556}") = "LibraryAccounting.CQRSInfrastructure.TelegramMailingReceiving", "LibraryAccounting.CQRSInfrastructure.TelegramMailingReceiving\LibraryAccounting.CQRSInfrastructure.TelegramMailingReceiving.csproj", "{814BD28A-1584-41FC-839E-76B002CBA165}"
EndProject
Project("{FAE04EC0-301F-11D3-BF4B-00C04F79EFBC}") = "LibraryAccounting.Services.TelegramMailingReceiving", "LibraryAccounting.Services.TelegramMailingReceiving\LibraryAccounting.Services.TelegramMailingReceiving.csproj", "{F8408B96-24F5-4BD8-9245-4A439E3FB6B8}"
EndProject
Global
	GlobalSection(SolutionConfigurationPlatforms) = preSolution
		Debug|Any CPU = Debug|Any CPU
		Release|Any CPU = Release|Any CPU
	EndGlobalSection
	GlobalSection(ProjectConfigurationPlatforms) = postSolution
		{8079D8F7-6E92-4884-98FF-97E50FFA357C}.Debug|Any CPU.ActiveCfg = Debug|Any CPU
		{8079D8F7-6E92-4884-98FF-97E50FFA357C}.Debug|Any CPU.Build.0 = Debug|Any CPU
		{8079D8F7-6E92-4884-98FF-97E50FFA357C}.Release|Any CPU.ActiveCfg = Release|Any CPU
		{8079D8F7-6E92-4884-98FF-97E50FFA357C}.Release|Any CPU.Build.0 = Release|Any CPU
		{77D109FA-7D26-4156-BA22-7D677DB59F8D}.Debug|Any CPU.ActiveCfg = Debug|Any CPU
		{77D109FA-7D26-4156-BA22-7D677DB59F8D}.Debug|Any CPU.Build.0 = Debug|Any CPU
		{77D109FA-7D26-4156-BA22-7D677DB59F8D}.Release|Any CPU.ActiveCfg = Release|Any CPU
		{77D109FA-7D26-4156-BA22-7D677DB59F8D}.Release|Any CPU.Build.0 = Release|Any CPU
		{4FF3B3FB-F8C0-4253-928A-7D32BEB16EDB}.Debug|Any CPU.ActiveCfg = Debug|Any CPU
		{4FF3B3FB-F8C0-4253-928A-7D32BEB16EDB}.Debug|Any CPU.Build.0 = Debug|Any CPU
		{4FF3B3FB-F8C0-4253-928A-7D32BEB16EDB}.Release|Any CPU.ActiveCfg = Release|Any CPU
		{4FF3B3FB-F8C0-4253-928A-7D32BEB16EDB}.Release|Any CPU.Build.0 = Release|Any CPU
		{8BC69206-5320-434C-BE66-B627A334B894}.Debug|Any CPU.ActiveCfg = Debug|Any CPU
		{8BC69206-5320-434C-BE66-B627A334B894}.Debug|Any CPU.Build.0 = Debug|Any CPU
		{8BC69206-5320-434C-BE66-B627A334B894}.Release|Any CPU.ActiveCfg = Release|Any CPU
		{8BC69206-5320-434C-BE66-B627A334B894}.Release|Any CPU.Build.0 = Release|Any CPU
		{FAEF689A-46A3-4F68-B7DE-610AF2B4A2E1}.Debug|Any CPU.ActiveCfg = Debug|Any CPU
		{FAEF689A-46A3-4F68-B7DE-610AF2B4A2E1}.Debug|Any CPU.Build.0 = Debug|Any CPU
		{FAEF689A-46A3-4F68-B7DE-610AF2B4A2E1}.Release|Any CPU.ActiveCfg = Release|Any CPU
		{FAEF689A-46A3-4F68-B7DE-610AF2B4A2E1}.Release|Any CPU.Build.0 = Release|Any CPU
		{5CBE4E58-6F72-48F8-9885-E2B2C733A54C}.Debug|Any CPU.ActiveCfg = Debug|Any CPU
		{5CBE4E58-6F72-48F8-9885-E2B2C733A54C}.Debug|Any CPU.Build.0 = Debug|Any CPU
		{5CBE4E58-6F72-48F8-9885-E2B2C733A54C}.Release|Any CPU.ActiveCfg = Release|Any CPU
		{5CBE4E58-6F72-48F8-9885-E2B2C733A54C}.Release|Any CPU.Build.0 = Release|Any CPU
		{0E56F217-CDCD-46D5-B851-201CDCF2A1C2}.Debug|Any CPU.ActiveCfg = Debug|Any CPU
		{0E56F217-CDCD-46D5-B851-201CDCF2A1C2}.Debug|Any CPU.Build.0 = Debug|Any CPU
		{0E56F217-CDCD-46D5-B851-201CDCF2A1C2}.Release|Any CPU.ActiveCfg = Release|Any CPU
		{0E56F217-CDCD-46D5-B851-201CDCF2A1C2}.Release|Any CPU.Build.0 = Release|Any CPU
		{0A42CE8A-B7BD-4492-95C8-17AFAD704D81}.Debug|Any CPU.ActiveCfg = Debug|Any CPU
		{0A42CE8A-B7BD-4492-95C8-17AFAD704D81}.Debug|Any CPU.Build.0 = Debug|Any CPU
		{0A42CE8A-B7BD-4492-95C8-17AFAD704D81}.Release|Any CPU.ActiveCfg = Release|Any CPU
		{0A42CE8A-B7BD-4492-95C8-17AFAD704D81}.Release|Any CPU.Build.0 = Release|Any CPU
		{D2B779D0-3B24-41AC-B072-F21DE7267DC4}.Debug|Any CPU.ActiveCfg = Debug|Any CPU
		{D2B779D0-3B24-41AC-B072-F21DE7267DC4}.Debug|Any CPU.Build.0 = Debug|Any CPU
		{D2B779D0-3B24-41AC-B072-F21DE7267DC4}.Release|Any CPU.ActiveCfg = Release|Any CPU
		{D2B779D0-3B24-41AC-B072-F21DE7267DC4}.Release|Any CPU.Build.0 = Release|Any CPU
		{00888634-17D7-43B0-B7A1-DAD46DD47F52}.Debug|Any CPU.ActiveCfg = Debug|Any CPU
		{00888634-17D7-43B0-B7A1-DAD46DD47F52}.Debug|Any CPU.Build.0 = Debug|Any CPU
		{00888634-17D7-43B0-B7A1-DAD46DD47F52}.Release|Any CPU.ActiveCfg = Release|Any CPU
		{00888634-17D7-43B0-B7A1-DAD46DD47F52}.Release|Any CPU.Build.0 = Release|Any CPU
		{E0B63499-8B7E-4541-9B14-6C7F040AEE5D}.Debug|Any CPU.ActiveCfg = Debug|Any CPU
		{E0B63499-8B7E-4541-9B14-6C7F040AEE5D}.Debug|Any CPU.Build.0 = Debug|Any CPU
		{E0B63499-8B7E-4541-9B14-6C7F040AEE5D}.Release|Any CPU.ActiveCfg = Release|Any CPU
		{E0B63499-8B7E-4541-9B14-6C7F040AEE5D}.Release|Any CPU.Build.0 = Release|Any CPU
		{1A38046B-37A9-4AF1-B814-F86DC886393A}.Debug|Any CPU.ActiveCfg = Debug|Any CPU
		{1A38046B-37A9-4AF1-B814-F86DC886393A}.Debug|Any CPU.Build.0 = Debug|Any CPU
		{1A38046B-37A9-4AF1-B814-F86DC886393A}.Release|Any CPU.ActiveCfg = Release|Any CPU
		{1A38046B-37A9-4AF1-B814-F86DC886393A}.Release|Any CPU.Build.0 = Release|Any CPU
		{615CADAC-3941-4199-A168-C9420C7EEE8A}.Debug|Any CPU.ActiveCfg = Debug|Any CPU
		{615CADAC-3941-4199-A168-C9420C7EEE8A}.Debug|Any CPU.Build.0 = Debug|Any CPU
		{615CADAC-3941-4199-A168-C9420C7EEE8A}.Release|Any CPU.ActiveCfg = Release|Any CPU
		{615CADAC-3941-4199-A168-C9420C7EEE8A}.Release|Any CPU.Build.0 = Release|Any CPU
		{23693BF7-552F-49B5-8DC0-D8D178232117}.Debug|Any CPU.ActiveCfg = Debug|Any CPU
		{23693BF7-552F-49B5-8DC0-D8D178232117}.Debug|Any CPU.Build.0 = Debug|Any CPU
		{23693BF7-552F-49B5-8DC0-D8D178232117}.Release|Any CPU.ActiveCfg = Release|Any CPU
		{23693BF7-552F-49B5-8DC0-D8D178232117}.Release|Any CPU.Build.0 = Release|Any CPU
		{C7FBA879-9DE6-4AA9-AEEA-A9E7707C629D}.Debug|Any CPU.ActiveCfg = Debug|Any CPU
		{C7FBA879-9DE6-4AA9-AEEA-A9E7707C629D}.Debug|Any CPU.Build.0 = Debug|Any CPU
		{C7FBA879-9DE6-4AA9-AEEA-A9E7707C629D}.Release|Any CPU.ActiveCfg = Release|Any CPU
		{C7FBA879-9DE6-4AA9-AEEA-A9E7707C629D}.Release|Any CPU.Build.0 = Release|Any CPU
		{814BD28A-1584-41FC-839E-76B002CBA165}.Debug|Any CPU.ActiveCfg = Debug|Any CPU
		{814BD28A-1584-41FC-839E-76B002CBA165}.Debug|Any CPU.Build.0 = Debug|Any CPU
		{814BD28A-1584-41FC-839E-76B002CBA165}.Release|Any CPU.ActiveCfg = Release|Any CPU
		{814BD28A-1584-41FC-839E-76B002CBA165}.Release|Any CPU.Build.0 = Release|Any CPU
		{F8408B96-24F5-4BD8-9245-4A439E3FB6B8}.Debug|Any CPU.ActiveCfg = Debug|Any CPU
		{F8408B96-24F5-4BD8-9245-4A439E3FB6B8}.Debug|Any CPU.Build.0 = Debug|Any CPU
		{F8408B96-24F5-4BD8-9245-4A439E3FB6B8}.Release|Any CPU.ActiveCfg = Release|Any CPU
		{F8408B96-24F5-4BD8-9245-4A439E3FB6B8}.Release|Any CPU.Build.0 = Release|Any CPU
	EndGlobalSection
	GlobalSection(SolutionProperties) = preSolution
		HideSolutionNode = FALSE
	EndGlobalSection
	GlobalSection(NestedProjects) = preSolution
		{9E477758-1345-45EA-AFFA-0E5946A2E65C} = {80CD6BAF-2A6E-4A15-9D19-C89CC3A8B1B1}
		{77D109FA-7D26-4156-BA22-7D677DB59F8D} = {3AF623BD-095A-4B1F-A542-47594A554715}
		{4FF3B3FB-F8C0-4253-928A-7D32BEB16EDB} = {3AF623BD-095A-4B1F-A542-47594A554715}
		{8BC69206-5320-434C-BE66-B627A334B894} = {9E477758-1345-45EA-AFFA-0E5946A2E65C}
		{FAEF689A-46A3-4F68-B7DE-610AF2B4A2E1} = {9E477758-1345-45EA-AFFA-0E5946A2E65C}
		{5CBE4E58-6F72-48F8-9885-E2B2C733A54C} = {9E477758-1345-45EA-AFFA-0E5946A2E65C}
		{0E56F217-CDCD-46D5-B851-201CDCF2A1C2} = {80CD6BAF-2A6E-4A15-9D19-C89CC3A8B1B1}
		{0A42CE8A-B7BD-4492-95C8-17AFAD704D81} = {2F80554F-246D-4DDD-AF39-3D033405AF48}
		{D2B779D0-3B24-41AC-B072-F21DE7267DC4} = {80CD6BAF-2A6E-4A15-9D19-C89CC3A8B1B1}
		{00888634-17D7-43B0-B7A1-DAD46DD47F52} = {8AE390A4-B698-4472-86F0-5A3671822E43}
		{E0B63499-8B7E-4541-9B14-6C7F040AEE5D} = {8AE390A4-B698-4472-86F0-5A3671822E43}
		{1A38046B-37A9-4AF1-B814-F86DC886393A} = {2F80554F-246D-4DDD-AF39-3D033405AF48}
		{615CADAC-3941-4199-A168-C9420C7EEE8A} = {8AE390A4-B698-4472-86F0-5A3671822E43}
		{23693BF7-552F-49B5-8DC0-D8D178232117} = {2F80554F-246D-4DDD-AF39-3D033405AF48}
		{C7FBA879-9DE6-4AA9-AEEA-A9E7707C629D} = {8AE390A4-B698-4472-86F0-5A3671822E43}
		{814BD28A-1584-41FC-839E-76B002CBA165} = {8AE390A4-B698-4472-86F0-5A3671822E43}
		{F8408B96-24F5-4BD8-9245-4A439E3FB6B8} = {2F80554F-246D-4DDD-AF39-3D033405AF48}
	EndGlobalSection
	GlobalSection(ExtensibilityGlobals) = postSolution
		SolutionGuid = {9A6DB750-B3A5-4DD4-8A2D-4E1402A57B01}
	EndGlobalSection
EndGlobal
